
Microsoft Visual Studio Solution File, Format Version 12.00
# Visual Studio Version 17
VisualStudioVersion = 17.7.34018.315
MinimumVisualStudioVersion = 10.0.40219.1
Project("{FAE04EC0-301F-11D3-BF4B-00C04F79EFBC}") = "ProgressPLP", "ProgressPLP\ProgressPLP.csproj", "{9FFEA915-D4A0-4EA6-BC4F-90CC08E82400}"
EndProject
Global
	GlobalSection(SolutionConfigurationPlatforms) = preSolution
		Debug|Any CPU = Debug|Any CPU
		Release|Any CPU = Release|Any CPU
	EndGlobalSection
	GlobalSection(ProjectConfigurationPlatforms) = postSolution
		{9FFEA915-D4A0-4EA6-BC4F-90CC08E82400}.Debug|Any CPU.ActiveCfg = Debug|Any CPU
		{9FFEA915-D4A0-4EA6-BC4F-90CC08E82400}.Debug|Any CPU.Build.0 = Debug|Any CPU
		{9FFEA915-D4A0-4EA6-BC4F-90CC08E82400}.Release|Any CPU.ActiveCfg = Release|Any CPU
		{9FFEA915-D4A0-4EA6-BC4F-90CC08E82400}.Release|Any CPU.Build.0 = Release|Any CPU
	EndGlobalSection
	GlobalSection(SolutionProperties) = preSolution
		HideSolutionNode = FALSE
	EndGlobalSection
	GlobalSection(ExtensibilityGlobals) = postSolution
		SolutionGuid = {126F9A7D-E9FE-4880-B81A-02C7A4C54570}
	EndGlobalSection
EndGlobal
